// !$*UTF8*$!
{
	archiveVersion = 1;
	classes = {
	};
	objectVersion = 56;
	objects = {

/* Begin PBXBuildFile section */
		9F35FF782B5492A400E47E97 /* AsyncLetBootcamp.swift in Sources */ = {isa = PBXBuildFile; fileRef = 9F35FF772B5492A400E47E97 /* AsyncLetBootcamp.swift */; };
		9F35FF7A2B54AA5000E47E97 /* TaskGroupBootcamp.swift in Sources */ = {isa = PBXBuildFile; fileRef = 9F35FF792B54AA5000E47E97 /* TaskGroupBootcamp.swift */; };
		9F417EDB2B575AE9001D79DF /* StructClassActorBootcamp.swift in Sources */ = {isa = PBXBuildFile; fileRef = 9F417EDA2B575AE9001D79DF /* StructClassActorBootcamp.swift */; };
		9F417EDD2B588F84001D79DF /* ActorsBootcamp.swift in Sources */ = {isa = PBXBuildFile; fileRef = 9F417EDC2B588F84001D79DF /* ActorsBootcamp.swift */; };
		9F417EDF2B58ABB2001D79DF /* GlobalActorBootcamp.swift in Sources */ = {isa = PBXBuildFile; fileRef = 9F417EDE2B58ABB2001D79DF /* GlobalActorBootcamp.swift */; };
		9FB0DFC22B4C676400863B28 /* SwiftConcurrencyBootcamp2App.swift in Sources */ = {isa = PBXBuildFile; fileRef = 9FB0DFC12B4C676400863B28 /* SwiftConcurrencyBootcamp2App.swift */; };
		9FB0DFC42B4C676400863B28 /* ContentView.swift in Sources */ = {isa = PBXBuildFile; fileRef = 9FB0DFC32B4C676400863B28 /* ContentView.swift */; };
		9FB0DFC62B4C676C00863B28 /* Assets.xcassets in Resources */ = {isa = PBXBuildFile; fileRef = 9FB0DFC52B4C676C00863B28 /* Assets.xcassets */; };
		9FB0DFC92B4C676C00863B28 /* Preview Assets.xcassets in Resources */ = {isa = PBXBuildFile; fileRef = 9FB0DFC82B4C676C00863B28 /* Preview Assets.xcassets */; };
		9FB0DFD02B4C67B000863B28 /* DoTryCatchThrowsBootcamp.swift in Sources */ = {isa = PBXBuildFile; fileRef = 9FB0DFCF2B4C67B000863B28 /* DoTryCatchThrowsBootcamp.swift */; };
		9FB0DFD22B4C76E800863B28 /* DownloadImageAsync.swift in Sources */ = {isa = PBXBuildFile; fileRef = 9FB0DFD12B4C76E800863B28 /* DownloadImageAsync.swift */; };
		9FB0DFD42B4CA4AB00863B28 /* AsyncAwaitBootcamp.swift in Sources */ = {isa = PBXBuildFile; fileRef = 9FB0DFD32B4CA4AB00863B28 /* AsyncAwaitBootcamp.swift */; };
		9FB0DFD62B4CACB900863B28 /* TaskBootcamp.swift in Sources */ = {isa = PBXBuildFile; fileRef = 9FB0DFD52B4CACB900863B28 /* TaskBootcamp.swift */; };
		9FDAFF2B2B560150008DDAAA /* CheckedContinuationBootcamp.swift in Sources */ = {isa = PBXBuildFile; fileRef = 9FDAFF2A2B560150008DDAAA /* CheckedContinuationBootcamp.swift */; };
		9FDE77D12B59F240003625B1 /* SendableBootcamp.swift in Sources */ = {isa = PBXBuildFile; fileRef = 9FDE77D02B59F240003625B1 /* SendableBootcamp.swift */; };
		9FDE77D32B59F96E003625B1 /* AsyncPublisherBootcamp.swift in Sources */ = {isa = PBXBuildFile; fileRef = 9FDE77D22B59F96E003625B1 /* AsyncPublisherBootcamp.swift */; };
		9FDE77D52B5ABCDB003625B1 /* StrongSelfBootcamp.swift in Sources */ = {isa = PBXBuildFile; fileRef = 9FDE77D42B5ABCDB003625B1 /* StrongSelfBootcamp.swift */; };
		9FDE77D72B5ADD7E003625B1 /* MVVMBootcamp.swift in Sources */ = {isa = PBXBuildFile; fileRef = 9FDE77D62B5ADD7E003625B1 /* MVVMBootcamp.swift */; };
		9FDE77D92B5AF7EA003625B1 /* RefreshableBootcamp.swift in Sources */ = {isa = PBXBuildFile; fileRef = 9FDE77D82B5AF7E9003625B1 /* RefreshableBootcamp.swift */; };
		9FDE77DB2B5B1F7F003625B1 /* SearchableBootcamp.swift in Sources */ = {isa = PBXBuildFile; fileRef = 9FDE77DA2B5B1F7F003625B1 /* SearchableBootcamp.swift */; };
		9FDE77DD2B5B34A2003625B1 /* PhotoPickerBootcamp.swift in Sources */ = {isa = PBXBuildFile; fileRef = 9FDE77DC2B5B34A2003625B1 /* PhotoPickerBootcamp.swift */; };
/* End PBXBuildFile section */

/* Begin PBXFileReference section */
		9F35FF772B5492A400E47E97 /* AsyncLetBootcamp.swift */ = {isa = PBXFileReference; lastKnownFileType = sourcecode.swift; path = AsyncLetBootcamp.swift; sourceTree = "<group>"; };
		9F35FF792B54AA5000E47E97 /* TaskGroupBootcamp.swift */ = {isa = PBXFileReference; lastKnownFileType = sourcecode.swift; path = TaskGroupBootcamp.swift; sourceTree = "<group>"; };
		9F417EDA2B575AE9001D79DF /* StructClassActorBootcamp.swift */ = {isa = PBXFileReference; lastKnownFileType = sourcecode.swift; path = StructClassActorBootcamp.swift; sourceTree = "<group>"; };
		9F417EDC2B588F84001D79DF /* ActorsBootcamp.swift */ = {isa = PBXFileReference; lastKnownFileType = sourcecode.swift; path = ActorsBootcamp.swift; sourceTree = "<group>"; };
		9F417EDE2B58ABB2001D79DF /* GlobalActorBootcamp.swift */ = {isa = PBXFileReference; lastKnownFileType = sourcecode.swift; path = GlobalActorBootcamp.swift; sourceTree = "<group>"; };
		9FB0DFBE2B4C676300863B28 /* SwiftConcurrencyBootcamp2.app */ = {isa = PBXFileReference; explicitFileType = wrapper.application; includeInIndex = 0; path = SwiftConcurrencyBootcamp2.app; sourceTree = BUILT_PRODUCTS_DIR; };
		9FB0DFC12B4C676400863B28 /* SwiftConcurrencyBootcamp2App.swift */ = {isa = PBXFileReference; lastKnownFileType = sourcecode.swift; path = SwiftConcurrencyBootcamp2App.swift; sourceTree = "<group>"; };
		9FB0DFC32B4C676400863B28 /* ContentView.swift */ = {isa = PBXFileReference; lastKnownFileType = sourcecode.swift; path = ContentView.swift; sourceTree = "<group>"; };
		9FB0DFC52B4C676C00863B28 /* Assets.xcassets */ = {isa = PBXFileReference; lastKnownFileType = folder.assetcatalog; path = Assets.xcassets; sourceTree = "<group>"; };
		9FB0DFC82B4C676C00863B28 /* Preview Assets.xcassets */ = {isa = PBXFileReference; lastKnownFileType = folder.assetcatalog; path = "Preview Assets.xcassets"; sourceTree = "<group>"; };
		9FB0DFCF2B4C67B000863B28 /* DoTryCatchThrowsBootcamp.swift */ = {isa = PBXFileReference; lastKnownFileType = sourcecode.swift; path = DoTryCatchThrowsBootcamp.swift; sourceTree = "<group>"; };
		9FB0DFD12B4C76E800863B28 /* DownloadImageAsync.swift */ = {isa = PBXFileReference; lastKnownFileType = sourcecode.swift; path = DownloadImageAsync.swift; sourceTree = "<group>"; };
		9FB0DFD32B4CA4AB00863B28 /* AsyncAwaitBootcamp.swift */ = {isa = PBXFileReference; lastKnownFileType = sourcecode.swift; path = AsyncAwaitBootcamp.swift; sourceTree = "<group>"; };
		9FB0DFD52B4CACB900863B28 /* TaskBootcamp.swift */ = {isa = PBXFileReference; lastKnownFileType = sourcecode.swift; path = TaskBootcamp.swift; sourceTree = "<group>"; };
		9FDAFF2A2B560150008DDAAA /* CheckedContinuationBootcamp.swift */ = {isa = PBXFileReference; lastKnownFileType = sourcecode.swift; path = CheckedContinuationBootcamp.swift; sourceTree = "<group>"; };
		9FDE77D02B59F240003625B1 /* SendableBootcamp.swift */ = {isa = PBXFileReference; lastKnownFileType = sourcecode.swift; path = SendableBootcamp.swift; sourceTree = "<group>"; };
		9FDE77D22B59F96E003625B1 /* AsyncPublisherBootcamp.swift */ = {isa = PBXFileReference; lastKnownFileType = sourcecode.swift; path = AsyncPublisherBootcamp.swift; sourceTree = "<group>"; };
		9FDE77D42B5ABCDB003625B1 /* StrongSelfBootcamp.swift */ = {isa = PBXFileReference; lastKnownFileType = sourcecode.swift; path = StrongSelfBootcamp.swift; sourceTree = "<group>"; };
		9FDE77D62B5ADD7E003625B1 /* MVVMBootcamp.swift */ = {isa = PBXFileReference; lastKnownFileType = sourcecode.swift; path = MVVMBootcamp.swift; sourceTree = "<group>"; };
		9FDE77D82B5AF7E9003625B1 /* RefreshableBootcamp.swift */ = {isa = PBXFileReference; lastKnownFileType = sourcecode.swift; path = RefreshableBootcamp.swift; sourceTree = "<group>"; };
		9FDE77DA2B5B1F7F003625B1 /* SearchableBootcamp.swift */ = {isa = PBXFileReference; lastKnownFileType = sourcecode.swift; path = SearchableBootcamp.swift; sourceTree = "<group>"; };
		9FDE77DC2B5B34A2003625B1 /* PhotoPickerBootcamp.swift */ = {isa = PBXFileReference; lastKnownFileType = sourcecode.swift; path = PhotoPickerBootcamp.swift; sourceTree = "<group>"; };
/* End PBXFileReference section */

/* Begin PBXFrameworksBuildPhase section */
		9FB0DFBB2B4C676300863B28 /* Frameworks */ = {
			isa = PBXFrameworksBuildPhase;
			buildActionMask = 2147483647;
			files = (
			);
			runOnlyForDeploymentPostprocessing = 0;
		};
/* End PBXFrameworksBuildPhase section */

/* Begin PBXGroup section */
		9FB0DFB52B4C676300863B28 = {
			isa = PBXGroup;
			children = (
				9FB0DFC02B4C676400863B28 /* SwiftConcurrencyBootcamp2 */,
				9FB0DFBF2B4C676300863B28 /* Products */,
			);
			sourceTree = "<group>";
		};
		9FB0DFBF2B4C676300863B28 /* Products */ = {
			isa = PBXGroup;
			children = (
				9FB0DFBE2B4C676300863B28 /* SwiftConcurrencyBootcamp2.app */,
			);
			name = Products;
			sourceTree = "<group>";
		};
		9FB0DFC02B4C676400863B28 /* SwiftConcurrencyBootcamp2 */ = {
			isa = PBXGroup;
			children = (
				9FB0DFC12B4C676400863B28 /* SwiftConcurrencyBootcamp2App.swift */,
				9FB0DFC32B4C676400863B28 /* ContentView.swift */,
				9FB0DFCF2B4C67B000863B28 /* DoTryCatchThrowsBootcamp.swift */,
				9FB0DFD12B4C76E800863B28 /* DownloadImageAsync.swift */,
				9FB0DFD32B4CA4AB00863B28 /* AsyncAwaitBootcamp.swift */,
				9FB0DFD52B4CACB900863B28 /* TaskBootcamp.swift */,
				9F35FF772B5492A400E47E97 /* AsyncLetBootcamp.swift */,
				9F35FF792B54AA5000E47E97 /* TaskGroupBootcamp.swift */,
				9FDAFF2A2B560150008DDAAA /* CheckedContinuationBootcamp.swift */,
				9F417EDA2B575AE9001D79DF /* StructClassActorBootcamp.swift */,
				9F417EDC2B588F84001D79DF /* ActorsBootcamp.swift */,
				9F417EDE2B58ABB2001D79DF /* GlobalActorBootcamp.swift */,
				9FDE77D02B59F240003625B1 /* SendableBootcamp.swift */,
				9FDE77D22B59F96E003625B1 /* AsyncPublisherBootcamp.swift */,
				9FDE77D42B5ABCDB003625B1 /* StrongSelfBootcamp.swift */,
				9FDE77D62B5ADD7E003625B1 /* MVVMBootcamp.swift */,
				9FDE77D82B5AF7E9003625B1 /* RefreshableBootcamp.swift */,
				9FDE77DA2B5B1F7F003625B1 /* SearchableBootcamp.swift */,
				9FDE77DC2B5B34A2003625B1 /* PhotoPickerBootcamp.swift */,
				9FB0DFC52B4C676C00863B28 /* Assets.xcassets */,
				9FB0DFC72B4C676C00863B28 /* Preview Content */,
			);
			path = SwiftConcurrencyBootcamp2;
			sourceTree = "<group>";
		};
		9FB0DFC72B4C676C00863B28 /* Preview Content */ = {
			isa = PBXGroup;
			children = (
				9FB0DFC82B4C676C00863B28 /* Preview Assets.xcassets */,
			);
			path = "Preview Content";
			sourceTree = "<group>";
		};
/* End PBXGroup section */

/* Begin PBXNativeTarget section */
		9FB0DFBD2B4C676300863B28 /* SwiftConcurrencyBootcamp2 */ = {
			isa = PBXNativeTarget;
			buildConfigurationList = 9FB0DFCC2B4C676C00863B28 /* Build configuration list for PBXNativeTarget "SwiftConcurrencyBootcamp2" */;
			buildPhases = (
				9FB0DFBA2B4C676300863B28 /* Sources */,
				9FB0DFBB2B4C676300863B28 /* Frameworks */,
				9FB0DFBC2B4C676300863B28 /* Resources */,
			);
			buildRules = (
			);
			dependencies = (
			);
			name = SwiftConcurrencyBootcamp2;
			productName = SwiftConcurrencyBootcamp2;
			productReference = 9FB0DFBE2B4C676300863B28 /* SwiftConcurrencyBootcamp2.app */;
			productType = "com.apple.product-type.application";
		};
/* End PBXNativeTarget section */

/* Begin PBXProject section */
		9FB0DFB62B4C676300863B28 /* Project object */ = {
			isa = PBXProject;
			attributes = {
				BuildIndependentTargetsInParallel = 1;
				LastSwiftUpdateCheck = 1500;
				LastUpgradeCheck = 1500;
				TargetAttributes = {
					9FB0DFBD2B4C676300863B28 = {
						CreatedOnToolsVersion = 15.0.1;
					};
				};
			};
			buildConfigurationList = 9FB0DFB92B4C676300863B28 /* Build configuration list for PBXProject "SwiftConcurrencyBootcamp2" */;
			compatibilityVersion = "Xcode 14.0";
			developmentRegion = en;
			hasScannedForEncodings = 0;
			knownRegions = (
				en,
				Base,
			);
			mainGroup = 9FB0DFB52B4C676300863B28;
			productRefGroup = 9FB0DFBF2B4C676300863B28 /* Products */;
			projectDirPath = "";
			projectRoot = "";
			targets = (
				9FB0DFBD2B4C676300863B28 /* SwiftConcurrencyBootcamp2 */,
			);
		};
/* End PBXProject section */

/* Begin PBXResourcesBuildPhase section */
		9FB0DFBC2B4C676300863B28 /* Resources */ = {
			isa = PBXResourcesBuildPhase;
			buildActionMask = 2147483647;
			files = (
				9FB0DFC92B4C676C00863B28 /* Preview Assets.xcassets in Resources */,
				9FB0DFC62B4C676C00863B28 /* Assets.xcassets in Resources */,
			);
			runOnlyForDeploymentPostprocessing = 0;
		};
/* End PBXResourcesBuildPhase section */

/* Begin PBXSourcesBuildPhase section */
		9FB0DFBA2B4C676300863B28 /* Sources */ = {
			isa = PBXSourcesBuildPhase;
			buildActionMask = 2147483647;
			files = (
				9FB0DFD22B4C76E800863B28 /* DownloadImageAsync.swift in Sources */,
				9FB0DFC42B4C676400863B28 /* ContentView.swift in Sources */,
				9FB0DFD02B4C67B000863B28 /* DoTryCatchThrowsBootcamp.swift in Sources */,
				9FDE77D12B59F240003625B1 /* SendableBootcamp.swift in Sources */,
				9FDE77DD2B5B34A2003625B1 /* PhotoPickerBootcamp.swift in Sources */,
				9F417EDD2B588F84001D79DF /* ActorsBootcamp.swift in Sources */,
				9FDAFF2B2B560150008DDAAA /* CheckedContinuationBootcamp.swift in Sources */,
				9FDE77D92B5AF7EA003625B1 /* RefreshableBootcamp.swift in Sources */,
				9F417EDB2B575AE9001D79DF /* StructClassActorBootcamp.swift in Sources */,
				9FDE77DB2B5B1F7F003625B1 /* SearchableBootcamp.swift in Sources */,
				9FB0DFD62B4CACB900863B28 /* TaskBootcamp.swift in Sources */,
				9FDE77D72B5ADD7E003625B1 /* MVVMBootcamp.swift in Sources */,
				9F417EDF2B58ABB2001D79DF /* GlobalActorBootcamp.swift in Sources */,
				9FB0DFD42B4CA4AB00863B28 /* AsyncAwaitBootcamp.swift in Sources */,
				9FDE77D52B5ABCDB003625B1 /* StrongSelfBootcamp.swift in Sources */,
				9FDE77D32B59F96E003625B1 /* AsyncPublisherBootcamp.swift in Sources */,
				9FB0DFC22B4C676400863B28 /* SwiftConcurrencyBootcamp2App.swift in Sources */,
				9F35FF782B5492A400E47E97 /* AsyncLetBootcamp.swift in Sources */,
				9F35FF7A2B54AA5000E47E97 /* TaskGroupBootcamp.swift in Sources */,
			);
			runOnlyForDeploymentPostprocessing = 0;
		};
/* End PBXSourcesBuildPhase section */

/* Begin XCBuildConfiguration section */
		9FB0DFCA2B4C676C00863B28 /* Debug */ = {
			isa = XCBuildConfiguration;
			buildSettings = {
				ALWAYS_SEARCH_USER_PATHS = NO;
				ASSETCATALOG_COMPILER_GENERATE_SWIFT_ASSET_SYMBOL_EXTENSIONS = YES;
				CLANG_ANALYZER_NONNULL = YES;
				CLANG_ANALYZER_NUMBER_OBJECT_CONVERSION = YES_AGGRESSIVE;
				CLANG_CXX_LANGUAGE_STANDARD = "gnu++20";
				CLANG_ENABLE_MODULES = YES;
				CLANG_ENABLE_OBJC_ARC = YES;
				CLANG_ENABLE_OBJC_WEAK = YES;
				CLANG_WARN_BLOCK_CAPTURE_AUTORELEASING = YES;
				CLANG_WARN_BOOL_CONVERSION = YES;
				CLANG_WARN_COMMA = YES;
				CLANG_WARN_CONSTANT_CONVERSION = YES;
				CLANG_WARN_DEPRECATED_OBJC_IMPLEMENTATIONS = YES;
				CLANG_WARN_DIRECT_OBJC_ISA_USAGE = YES_ERROR;
				CLANG_WARN_DOCUMENTATION_COMMENTS = YES;
				CLANG_WARN_EMPTY_BODY = YES;
				CLANG_WARN_ENUM_CONVERSION = YES;
				CLANG_WARN_INFINITE_RECURSION = YES;
				CLANG_WARN_INT_CONVERSION = YES;
				CLANG_WARN_NON_LITERAL_NULL_CONVERSION = YES;
				CLANG_WARN_OBJC_IMPLICIT_RETAIN_SELF = YES;
				CLANG_WARN_OBJC_LITERAL_CONVERSION = YES;
				CLANG_WARN_OBJC_ROOT_CLASS = YES_ERROR;
				CLANG_WARN_QUOTED_INCLUDE_IN_FRAMEWORK_HEADER = YES;
				CLANG_WARN_RANGE_LOOP_ANALYSIS = YES;
				CLANG_WARN_STRICT_PROTOTYPES = YES;
				CLANG_WARN_SUSPICIOUS_MOVE = YES;
				CLANG_WARN_UNGUARDED_AVAILABILITY = YES_AGGRESSIVE;
				CLANG_WARN_UNREACHABLE_CODE = YES;
				CLANG_WARN__DUPLICATE_METHOD_MATCH = YES;
				COPY_PHASE_STRIP = NO;
				DEBUG_INFORMATION_FORMAT = dwarf;
				ENABLE_STRICT_OBJC_MSGSEND = YES;
				ENABLE_TESTABILITY = YES;
				ENABLE_USER_SCRIPT_SANDBOXING = YES;
				GCC_C_LANGUAGE_STANDARD = gnu17;
				GCC_DYNAMIC_NO_PIC = NO;
				GCC_NO_COMMON_BLOCKS = YES;
				GCC_OPTIMIZATION_LEVEL = 0;
				GCC_PREPROCESSOR_DEFINITIONS = (
					"DEBUG=1",
					"$(inherited)",
				);
				GCC_WARN_64_TO_32_BIT_CONVERSION = YES;
				GCC_WARN_ABOUT_RETURN_TYPE = YES_ERROR;
				GCC_WARN_UNDECLARED_SELECTOR = YES;
				GCC_WARN_UNINITIALIZED_AUTOS = YES_AGGRESSIVE;
				GCC_WARN_UNUSED_FUNCTION = YES;
				GCC_WARN_UNUSED_VARIABLE = YES;
				IPHONEOS_DEPLOYMENT_TARGET = 17.0;
				LOCALIZATION_PREFERS_STRING_CATALOGS = YES;
				MTL_ENABLE_DEBUG_INFO = INCLUDE_SOURCE;
				MTL_FAST_MATH = YES;
				ONLY_ACTIVE_ARCH = YES;
				SDKROOT = iphoneos;
				SWIFT_ACTIVE_COMPILATION_CONDITIONS = "DEBUG $(inherited)";
				SWIFT_OPTIMIZATION_LEVEL = "-Onone";
			};
			name = Debug;
		};
		9FB0DFCB2B4C676C00863B28 /* Release */ = {
			isa = XCBuildConfiguration;
			buildSettings = {
				ALWAYS_SEARCH_USER_PATHS = NO;
				ASSETCATALOG_COMPILER_GENERATE_SWIFT_ASSET_SYMBOL_EXTENSIONS = YES;
				CLANG_ANALYZER_NONNULL = YES;
				CLANG_ANALYZER_NUMBER_OBJECT_CONVERSION = YES_AGGRESSIVE;
				CLANG_CXX_LANGUAGE_STANDARD = "gnu++20";
				CLANG_ENABLE_MODULES = YES;
				CLANG_ENABLE_OBJC_ARC = YES;
				CLANG_ENABLE_OBJC_WEAK = YES;
				CLANG_WARN_BLOCK_CAPTURE_AUTORELEASING = YES;
				CLANG_WARN_BOOL_CONVERSION = YES;
				CLANG_WARN_COMMA = YES;
				CLANG_WARN_CONSTANT_CONVERSION = YES;
				CLANG_WARN_DEPRECATED_OBJC_IMPLEMENTATIONS = YES;
				CLANG_WARN_DIRECT_OBJC_ISA_USAGE = YES_ERROR;
				CLANG_WARN_DOCUMENTATION_COMMENTS = YES;
				CLANG_WARN_EMPTY_BODY = YES;
				CLANG_WARN_ENUM_CONVERSION = YES;
				CLANG_WARN_INFINITE_RECURSION = YES;
				CLANG_WARN_INT_CONVERSION = YES;
				CLANG_WARN_NON_LITERAL_NULL_CONVERSION = YES;
				CLANG_WARN_OBJC_IMPLICIT_RETAIN_SELF = YES;
				CLANG_WARN_OBJC_LITERAL_CONVERSION = YES;
				CLANG_WARN_OBJC_ROOT_CLASS = YES_ERROR;
				CLANG_WARN_QUOTED_INCLUDE_IN_FRAMEWORK_HEADER = YES;
				CLANG_WARN_RANGE_LOOP_ANALYSIS = YES;
				CLANG_WARN_STRICT_PROTOTYPES = YES;
				CLANG_WARN_SUSPICIOUS_MOVE = YES;
				CLANG_WARN_UNGUARDED_AVAILABILITY = YES_AGGRESSIVE;
				CLANG_WARN_UNREACHABLE_CODE = YES;
				CLANG_WARN__DUPLICATE_METHOD_MATCH = YES;
				COPY_PHASE_STRIP = NO;
				DEBUG_INFORMATION_FORMAT = "dwarf-with-dsym";
				ENABLE_NS_ASSERTIONS = NO;
				ENABLE_STRICT_OBJC_MSGSEND = YES;
				ENABLE_USER_SCRIPT_SANDBOXING = YES;
				GCC_C_LANGUAGE_STANDARD = gnu17;
				GCC_NO_COMMON_BLOCKS = YES;
				GCC_WARN_64_TO_32_BIT_CONVERSION = YES;
				GCC_WARN_ABOUT_RETURN_TYPE = YES_ERROR;
				GCC_WARN_UNDECLARED_SELECTOR = YES;
				GCC_WARN_UNINITIALIZED_AUTOS = YES_AGGRESSIVE;
				GCC_WARN_UNUSED_FUNCTION = YES;
				GCC_WARN_UNUSED_VARIABLE = YES;
				IPHONEOS_DEPLOYMENT_TARGET = 17.0;
				LOCALIZATION_PREFERS_STRING_CATALOGS = YES;
				MTL_ENABLE_DEBUG_INFO = NO;
				MTL_FAST_MATH = YES;
				SDKROOT = iphoneos;
				SWIFT_COMPILATION_MODE = wholemodule;
				VALIDATE_PRODUCT = YES;
			};
			name = Release;
		};
		9FB0DFCD2B4C676C00863B28 /* Debug */ = {
			isa = XCBuildConfiguration;
			buildSettings = {
				ASSETCATALOG_COMPILER_APPICON_NAME = AppIcon;
				ASSETCATALOG_COMPILER_GLOBAL_ACCENT_COLOR_NAME = AccentColor;
				CODE_SIGN_STYLE = Automatic;
				CURRENT_PROJECT_VERSION = 1;
				DEVELOPMENT_ASSET_PATHS = "\"SwiftConcurrencyBootcamp2/Preview Content\"";
				DEVELOPMENT_TEAM = 8Y2GLVDA82;
				ENABLE_PREVIEWS = YES;
				GENERATE_INFOPLIST_FILE = YES;
				INFOPLIST_KEY_UIApplicationSceneManifest_Generation = YES;
				INFOPLIST_KEY_UIApplicationSupportsIndirectInputEvents = YES;
				INFOPLIST_KEY_UILaunchScreen_Generation = YES;
				INFOPLIST_KEY_UISupportedInterfaceOrientations_iPad = "UIInterfaceOrientationPortrait UIInterfaceOrientationPortraitUpsideDown UIInterfaceOrientationLandscapeLeft UIInterfaceOrientationLandscapeRight";
				INFOPLIST_KEY_UISupportedInterfaceOrientations_iPhone = "UIInterfaceOrientationPortrait UIInterfaceOrientationLandscapeLeft UIInterfaceOrientationLandscapeRight";
				IPHONEOS_DEPLOYMENT_TARGET = 16.0;
				LD_RUNPATH_SEARCH_PATHS = (
					"$(inherited)",
					"@executable_path/Frameworks",
				);
				MARKETING_VERSION = 1.0;
				PRODUCT_BUNDLE_IDENTIFIER = valerasworld.SwiftConcurrencyBootcamp2;
				PRODUCT_NAME = "$(TARGET_NAME)";
				SWIFT_EMIT_LOC_STRINGS = YES;
				SWIFT_VERSION = 5.0;
				TARGETED_DEVICE_FAMILY = "1,2";
			};
			name = Debug;
		};
		9FB0DFCE2B4C676C00863B28 /* Release */ = {
			isa = XCBuildConfiguration;
			buildSettings = {
				ASSETCATALOG_COMPILER_APPICON_NAME = AppIcon;
				ASSETCATALOG_COMPILER_GLOBAL_ACCENT_COLOR_NAME = AccentColor;
				CODE_SIGN_STYLE = Automatic;
				CURRENT_PROJECT_VERSION = 1;
				DEVELOPMENT_ASSET_PATHS = "\"SwiftConcurrencyBootcamp2/Preview Content\"";
				DEVELOPMENT_TEAM = 8Y2GLVDA82;
				ENABLE_PREVIEWS = YES;
				GENERATE_INFOPLIST_FILE = YES;
				INFOPLIST_KEY_UIApplicationSceneManifest_Generation = YES;
				INFOPLIST_KEY_UIApplicationSupportsIndirectInputEvents = YES;
				INFOPLIST_KEY_UILaunchScreen_Generation = YES;
				INFOPLIST_KEY_UISupportedInterfaceOrientations_iPad = "UIInterfaceOrientationPortrait UIInterfaceOrientationPortraitUpsideDown UIInterfaceOrientationLandscapeLeft UIInterfaceOrientationLandscapeRight";
				INFOPLIST_KEY_UISupportedInterfaceOrientations_iPhone = "UIInterfaceOrientationPortrait UIInterfaceOrientationLandscapeLeft UIInterfaceOrientationLandscapeRight";
				IPHONEOS_DEPLOYMENT_TARGET = 16.0;
				LD_RUNPATH_SEARCH_PATHS = (
					"$(inherited)",
					"@executable_path/Frameworks",
				);
				MARKETING_VERSION = 1.0;
				PRODUCT_BUNDLE_IDENTIFIER = valerasworld.SwiftConcurrencyBootcamp2;
				PRODUCT_NAME = "$(TARGET_NAME)";
				SWIFT_EMIT_LOC_STRINGS = YES;
				SWIFT_VERSION = 5.0;
				TARGETED_DEVICE_FAMILY = "1,2";
			};
			name = Release;
		};
/* End XCBuildConfiguration section */

/* Begin XCConfigurationList section */
		9FB0DFB92B4C676300863B28 /* Build configuration list for PBXProject "SwiftConcurrencyBootcamp2" */ = {
			isa = XCConfigurationList;
			buildConfigurations = (
				9FB0DFCA2B4C676C00863B28 /* Debug */,
				9FB0DFCB2B4C676C00863B28 /* Release */,
			);
			defaultConfigurationIsVisible = 0;
			defaultConfigurationName = Release;
		};
		9FB0DFCC2B4C676C00863B28 /* Build configuration list for PBXNativeTarget "SwiftConcurrencyBootcamp2" */ = {
			isa = XCConfigurationList;
			buildConfigurations = (
				9FB0DFCD2B4C676C00863B28 /* Debug */,
				9FB0DFCE2B4C676C00863B28 /* Release */,
			);
			defaultConfigurationIsVisible = 0;
			defaultConfigurationName = Release;
		};
/* End XCConfigurationList section */
	};
	rootObject = 9FB0DFB62B4C676300863B28 /* Project object */;
}
